
Microsoft Visual Studio Solution File, Format Version 12.00
# Visual Studio Version 17
VisualStudioVersion = 17.11.35312.102
MinimumVisualStudioVersion = 10.0.40219.1
Project("{FAE04EC0-301F-11D3-BF4B-00C04F79EFBC}") = "GUI", "GUI\GUI.csproj", "{1D39DC3D-C9AC-4237-B369-795DAC1B5CFD}"
EndProject
Project("{FAE04EC0-301F-11D3-BF4B-00C04F79EFBC}") = "BLL", "BLL\BLL.csproj", "{E474E8A8-55A1-4991-8E66-6752137934D3}"
EndProject
Project("{FAE04EC0-301F-11D3-BF4B-00C04F79EFBC}") = "DTO", "DTO\DTO.csproj", "{B1562C92-48E0-48E9-BC65-D79CC256BDB7}"
EndProject
Project("{FAE04EC0-301F-11D3-BF4B-00C04F79EFBC}") = "DAL", "DAL\DAL.csproj", "{E012D3ED-92CD-40CD-923B-B1EC813FADD4}"
EndProject
Global
	GlobalSection(SolutionConfigurationPlatforms) = preSolution
		Debug|Any CPU = Debug|Any CPU
		Release|Any CPU = Release|Any CPU
	EndGlobalSection
	GlobalSection(ProjectConfigurationPlatforms) = postSolution
		{1D39DC3D-C9AC-4237-B369-795DAC1B5CFD}.Debug|Any CPU.ActiveCfg = Debug|Any CPU
		{1D39DC3D-C9AC-4237-B369-795DAC1B5CFD}.Debug|Any CPU.Build.0 = Debug|Any CPU
		{1D39DC3D-C9AC-4237-B369-795DAC1B5CFD}.Release|Any CPU.ActiveCfg = Release|Any CPU
		{1D39DC3D-C9AC-4237-B369-795DAC1B5CFD}.Release|Any CPU.Build.0 = Release|Any CPU
		{E474E8A8-55A1-4991-8E66-6752137934D3}.Debug|Any CPU.ActiveCfg = Debug|Any CPU
		{E474E8A8-55A1-4991-8E66-6752137934D3}.Debug|Any CPU.Build.0 = Debug|Any CPU
		{E474E8A8-55A1-4991-8E66-6752137934D3}.Release|Any CPU.ActiveCfg = Release|Any CPU
		{E474E8A8-55A1-4991-8E66-6752137934D3}.Release|Any CPU.Build.0 = Release|Any CPU
		{B1562C92-48E0-48E9-BC65-D79CC256BDB7}.Debug|Any CPU.ActiveCfg = Debug|Any CPU
		{B1562C92-48E0-48E9-BC65-D79CC256BDB7}.Debug|Any CPU.Build.0 = Debug|Any CPU
		{B1562C92-48E0-48E9-BC65-D79CC256BDB7}.Release|Any CPU.ActiveCfg = Release|Any CPU
		{B1562C92-48E0-48E9-BC65-D79CC256BDB7}.Release|Any CPU.Build.0 = Release|Any CPU
		{E012D3ED-92CD-40CD-923B-B1EC813FADD4}.Debug|Any CPU.ActiveCfg = Debug|Any CPU
		{E012D3ED-92CD-40CD-923B-B1EC813FADD4}.Debug|Any CPU.Build.0 = Debug|Any CPU
		{E012D3ED-92CD-40CD-923B-B1EC813FADD4}.Release|Any CPU.ActiveCfg = Release|Any CPU
		{E012D3ED-92CD-40CD-923B-B1EC813FADD4}.Release|Any CPU.Build.0 = Release|Any CPU
	EndGlobalSection
	GlobalSection(SolutionProperties) = preSolution
		HideSolutionNode = FALSE
	EndGlobalSection
	GlobalSection(ExtensibilityGlobals) = postSolution
		SolutionGuid = {603A958B-B6DF-4FEC-B73B-497315278E0C}
	EndGlobalSection
EndGlobal
